
Microsoft Visual Studio Solution File, Format Version 12.00
# Visual Studio Version 17
VisualStudioVersion = 17.8.34525.116
MinimumVisualStudioVersion = 10.0.40219.1
Project("{FAE04EC0-301F-11D3-BF4B-00C04F79EFBC}") = "BlazorApp1", "BlazorApp1.csproj", "{BBAB57FE-B1B3-4688-B375-83D37DAF7EBD}"
EndProject
Global
	GlobalSection(SolutionConfigurationPlatforms) = preSolution
		Debug|Any CPU = Debug|Any CPU
		Release|Any CPU = Release|Any CPU
	EndGlobalSection
	GlobalSection(ProjectConfigurationPlatforms) = postSolution
		{BBAB57FE-B1B3-4688-B375-83D37DAF7EBD}.Debug|Any CPU.ActiveCfg = Debug|Any CPU
		{BBAB57FE-B1B3-4688-B375-83D37DAF7EBD}.Debug|Any CPU.Build.0 = Debug|Any CPU
		{BBAB57FE-B1B3-4688-B375-83D37DAF7EBD}.Release|Any CPU.ActiveCfg = Release|Any CPU
		{BBAB57FE-B1B3-4688-B375-83D37DAF7EBD}.Release|Any CPU.Build.0 = Release|Any CPU
	EndGlobalSection
	GlobalSection(SolutionProperties) = preSolution
		HideSolutionNode = FALSE
	EndGlobalSection
	GlobalSection(ExtensibilityGlobals) = postSolution
		SolutionGuid = {41D8C636-68D9-4E0E-B88E-2B9D4DEB717D}
	EndGlobalSection
EndGlobal
